{
  "version": "5",
  "specifiers": {
    "jsr:@hiisi/flash-freeze@0.1": "0.1.1",
    "jsr:@hiisi/flash-freeze@~0.1.1": "0.1.1",
    "jsr:@hiisi/ft-flags@~0.1.2": "0.1.2",
    "jsr:@hiisi/viola-default-lints@0.3": "0.3.0",
    "jsr:@hiisi/viola-grammar-ts@0.3": "0.3.0",
    "jsr:@hiisi/viola@0.3": "0.3.0",
    "jsr:@std/assert@1": "1.0.19",
    "jsr:@std/assert@^1.0.19": "1.0.19",
    "jsr:@std/async@^1.5.0": "1.5.0",
    "jsr:@std/data-structures@^1.1.2": "1.1.2",
    "jsr:@std/fs@1": "1.0.24",
    "jsr:@std/fs@^1.0.24": "1.0.24",
    "jsr:@std/internal@^1.0.12": "1.0.14",
    "jsr:@std/internal@^1.0.14": "1.0.14",
    "jsr:@std/path@1": "1.1.6",
    "jsr:@std/path@^1.1.5": "1.1.6",
    "jsr:@std/path@^1.1.6": "1.1.6",
    "jsr:@std/testing@1": "1.0.20",
    "npm:typescript@^5.9.2": "5.9.3",
    "npm:web-tree-sitter@0.22.6": "0.22.6"
  },
  "jsr": {
    "@hiisi/flash-freeze@0.1.1": {
      "integrity": "d47a7143f8f0497101b62faf466574577383add61960265d8fc3323f3c77c512"
    },
    "@hiisi/ft-flags@0.1.2": {
      "integrity": "fba723f5e71613330a4bb9726fdec4b07dfbab38329d39bf4927a21a740a6643"
    },
    "@hiisi/viola@0.3.0": {
      "integrity": "c15f41be2c3e4054b433caa7ea3f366d5baa10b3dc8af4249b6569296c57a19e",
      "dependencies": [
        "jsr:@hiisi/flash-freeze@0.1",
        "jsr:@std/fs@1",
        "jsr:@std/path@1",
        "npm:web-tree-sitter"
      ]
    },
    "@hiisi/viola-default-lints@0.3.0": {
      "integrity": "2a18ff0adbb1cb754bdf78175768a8f77e879632f73f568a57acf685c85ffd7e",
      "dependencies": [
        "jsr:@hiisi/viola"
      ]
    },
    "@hiisi/viola-grammar-ts@0.3.0": {
      "integrity": "775019a612ffe6c0666589c0260821aecdae360f6a525414d69ca5d0460ae7dd",
      "dependencies": [
        "jsr:@hiisi/viola"
      ]
    },
    "@std/assert@1.0.19": {
      "integrity": "eaada96ee120cb980bc47e040f82814d786fe8162ecc53c91d8df60b8755991e",
      "dependencies": [
        "jsr:@std/internal@^1.0.12"
      ]
    },
    "@std/async@1.5.0": {
      "integrity": "4c1f22d287a17ad7d8643b1952bc5a4d21e5d8b68dc8c20d8268eecc69096e82"
    },
    "@std/data-structures@1.1.2": {
      "integrity": "2471377c9e0051f9ec34e57d0ebd0ad133a5a889677446ec6ba9938e4e102918"
    },
    "@std/fs@1.0.24": {
      "integrity": "f3061b45b81673a2bece689da041df32d174be064c89eb6397fb5718d3fb7877",
      "dependencies": [
        "jsr:@std/path@^1.1.5"
      ]
    },
    "@std/internal@1.0.14": {
      "integrity": "291516b3d4c35024d6ffbc0a9df5bf4c64116e05b50012cf846710152d2ffdf7"
    },
    "@std/path@1.1.6": {
      "integrity": "c68485c2a4dfbb5ae3cc74fae4e8c4e5d874cf8a8ed12927917235c758b46cbe",
      "dependencies": [
        "jsr:@std/internal@^1.0.14"
      ]
    },
    "@std/testing@1.0.20": {
      "integrity": "21380ed438672762e4ec549cbf4fe41c5b68f5598773a30b64abe7375513e721",
      "dependencies": [
        "jsr:@std/assert@^1.0.19",
        "jsr:@std/async",
        "jsr:@std/data-structures",
        "jsr:@std/fs@^1.0.24",
        "jsr:@std/internal@^1.0.14",
        "jsr:@std/path@^1.1.6"
      ]
    }
  },
  "npm": {
    "typescript@5.9.3": {
      "integrity": "sha512-jl1vZzPDinLr9eUt3J/t7V6FgNEw9QjvBPdysz9KfQDD41fQrC2Y4vKQdiaUpFT4bXlb1RHhLpp8wtm6M5TgSw==",
      "bin": true
    },
    "web-tree-sitter@0.22.6": {
      "integrity": "sha512-hS87TH71Zd6mGAmYCvlgxeGDjqd9GTeqXNqTT+u0Gs51uIozNIaaq/kUAbV/Zf56jb2ZOyG8BxZs2GG9wbLi6Q=="
    }
  },
  "workspace": {
    "dependencies": [
      "jsr:@hiisi/ft-flags@~0.1.2",
      "jsr:@hiisi/tgts@0.2.0-alpha.1",
      "jsr:@std/assert@1",
      "jsr:@std/path@1",
      "jsr:@std/testing@1",
      "npm:typescript@^5.9.2"
    ],
    "links": {
      "jsr:@hiisi/ft-flags@0.2.0-alpha.1": {
        "dependencies": [
          "jsr:@std/assert@1",
          "jsr:@std/testing@1"
        ]
      },
      "jsr:@hiisi/tgts@0.2.0-alpha.1": {
        "dependencies": [
          "jsr:@hiisi/flash-freeze@~0.1.1",
          "jsr:@hiisi/viola-default-lints@0.3",
          "jsr:@hiisi/viola-grammar-ts@0.3",
          "jsr:@hiisi/viola@0.3",
          "jsr:@std/assert@1",
          "jsr:@std/testing@1"
        ]
      }
    }
  }
}
