{
  "version": "5",
  "specifiers": {
    "jsr:@hiisi/ft-flags@~0.1.2": "0.1.2",
    "npm:typescript@^5.9.2": "5.9.3"
  },
  "jsr": {
    "@hiisi/ft-flags@0.1.2": {
      "integrity": "fba723f5e71613330a4bb9726fdec4b07dfbab38329d39bf4927a21a740a6643"
    }
  },
  "npm": {
    "typescript@5.9.3": {
      "integrity": "sha512-jl1vZzPDinLr9eUt3J/t7V6FgNEw9QjvBPdysz9KfQDD41fQrC2Y4vKQdiaUpFT4bXlb1RHhLpp8wtm6M5TgSw==",
      "bin": true
    }
  },
  "workspace": {
    "dependencies": [
      "jsr:@hiisi/ft-flags@~0.1.2",
      "jsr:@hiisi/tgts@0.2.0-alpha.1",
      "jsr:@std/assert@1",
      "jsr:@std/path@1",
      "jsr:@std/testing@1",
      "npm:typescript@^5.9.2"
    ],
    "links": {
      "jsr:@hiisi/ft-flags@0.2.0-alpha.1": {
        "dependencies": [
          "jsr:@std/assert@1",
          "jsr:@std/testing@1"
        ]
      },
      "jsr:@hiisi/tgts@0.2.0-alpha.1": {
        "dependencies": [
          "jsr:@hiisi/flash-freeze@~0.1.1",
          "jsr:@hiisi/viola-default-lints@0.3",
          "jsr:@hiisi/viola-grammar-ts@0.3",
          "jsr:@hiisi/viola@0.3",
          "jsr:@std/assert@1",
          "jsr:@std/testing@1"
        ]
      }
    }
  }
}
